PODS:
  - Venuz (0.1.0):
    - Venuz/Tokens (= 0.1.0)
    - Venuz/UIKit (= 0.1.0)
  - Venuz/Tokens (0.1.0)
  - Venuz/UIKit (0.1.0)

DEPENDENCIES:
  - Venuz (from `../`)

EXTERNAL SOURCES:
  Venuz:
    :path: "../"

SPEC CHECKSUMS:
  Venuz: 7382eb711c3ce7414b02faed48269c9aceaf9b2c

PODFILE CHECKSUM: e711d1f0fe7cecb462905c5d7ef5836a7e05b7f3

COCOAPODS: 1.14.3
